// !$*UTF8*$!
{
	archiveVersion = 1;
	classes = {
	};
	objectVersion = 46;
	objects = {

/* Begin PBXBuildFile section */
		045DF5301B6F0905006FEBD7 /* main.m in Sources */ = {isa = PBXBuildFile; fileRef = 045DF52F1B6F0905006FEBD7 /* main.m */; };
		045DF5331B6F0905006FEBD7 /* AppDelegate.m in Sources */ = {isa = PBXBuildFile; fileRef = 045DF5321B6F0905006FEBD7 /* AppDelegate.m */; };
		045DF5361B6F0905006FEBD7 /* ViewController.m in Sources */ = {isa = PBXBuildFile; fileRef = 045DF5351B6F0905006FEBD7 /* ViewController.m */; };
		045DF5391B6F0905006FEBD7 /* Main.storyboard in Resources */ = {isa = PBXBuildFile; fileRef = 045DF5371B6F0905006FEBD7 /* Main.storyboard */; };
		045DF53B1B6F0905006FEBD7 /* Images.xcassets in Resources */ = {isa = PBXBuildFile; fileRef = 045DF53A1B6F0905006FEBD7 /* Images.xcassets */; };
		045DF53E1B6F0905006FEBD7 /* LaunchScreen.xib in Resources */ = {isa = PBXBuildFile; fileRef = 045DF53C1B6F0905006FEBD7 /* LaunchScreen.xib */; };
		045DF54A1B6F0905006FEBD7 /* __________Tests.m in Sources */ = {isa = PBXBuildFile; fileRef = 045DF5491B6F0905006FEBD7 /* __________Tests.m */; };
		045DF5561B6F0A8B006FEBD7 /* SYFTextBoxController.m in Sources */ = {isa = PBXBuildFile; fileRef = 045DF5541B6F0A8B006FEBD7 /* SYFTextBoxController.m */; };
		045DF5571B6F0A8B006FEBD7 /* SYFTextBoxController.xib in Resources */ = {isa = PBXBuildFile; fileRef = 045DF5551B6F0A8B006FEBD7 /* SYFTextBoxController.xib */; };
		045DF55A1B6F0C63006FEBD7 /* SYFTextBox.m in Sources */ = {isa = PBXBuildFile; fileRef = 045DF5591B6F0C63006FEBD7 /* SYFTextBox.m */; };
		045DF55C1B6F0C84006FEBD7 /* SYFTextBox.xib in Resources */ = {isa = PBXBuildFile; fileRef = 045DF55B1B6F0C84006FEBD7 /* SYFTextBox.xib */; };
		045DF55F1B6F10B9006FEBD7 /* SYFCustomButton.m in Sources */ = {isa = PBXBuildFile; fileRef = 045DF55E1B6F10B9006FEBD7 /* SYFCustomButton.m */; };
		045DF5611B6F1D08006FEBD7 /* 378-close.png in Resources */ = {isa = PBXBuildFile; fileRef = 045DF5601B6F1D08006FEBD7 /* 378-close.png */; };
/* End PBXBuildFile section */

/* Begin PBXContainerItemProxy section */
		045DF5441B6F0905006FEBD7 /* PBXContainerItemProxy */ = {
			isa = PBXContainerItemProxy;
			containerPortal = 045DF5221B6F0905006FEBD7 /* Project object */;
			proxyType = 1;
			remoteGlobalIDString = 045DF5291B6F0905006FEBD7;
			remoteInfo = "模仿优酷的文本输入框";
		};
/* End PBXContainerItemProxy section */

/* Begin PBXFileReference section */
		045DF52A1B6F0905006FEBD7 /* 模仿优酷的文本输入框.app */ = {isa = PBXFileReference; explicitFileType = wrapper.application; includeInIndex = 0; path = "模仿优酷的文本输入框.app"; sourceTree = BUILT_PRODUCTS_DIR; };
		045DF52E1B6F0905006FEBD7 /* Info.plist */ = {isa = PBXFileReference; lastKnownFileType = text.plist.xml; path = Info.plist; sourceTree = "<group>"; };
		045DF52F1B6F0905006FEBD7 /* main.m */ = {isa = PBXFileReference; lastKnownFileType = sourcecode.c.objc; path = main.m; sourceTree = "<group>"; };
		045DF5311B6F0905006FEBD7 /* AppDelegate.h */ = {isa = PBXFileReference; lastKnownFileType = sourcecode.c.h; path = AppDelegate.h; sourceTree = "<group>"; };
		045DF5321B6F0905006FEBD7 /* AppDelegate.m */ = {isa = PBXFileReference; lastKnownFileType = sourcecode.c.objc; path = AppDelegate.m; sourceTree = "<group>"; };
		045DF5341B6F0905006FEBD7 /* ViewController.h */ = {isa = PBXFileReference; lastKnownFileType = sourcecode.c.h; path = ViewController.h; sourceTree = "<group>"; };
		045DF5351B6F0905006FEBD7 /* ViewController.m */ = {isa = PBXFileReference; lastKnownFileType = sourcecode.c.objc; path = ViewController.m; sourceTree = "<group>"; };
		045DF5381B6F0905006FEBD7 /* Base */ = {isa = PBXFileReference; lastKnownFileType = file.storyboard; name = Base; path = Base.lproj/Main.storyboard; sourceTree = "<group>"; };
		045DF53A1B6F0905006FEBD7 /* Images.xcassets */ = {isa = PBXFileReference; lastKnownFileType = folder.assetcatalog; path = Images.xcassets; sourceTree = "<group>"; };
		045DF53D1B6F0905006FEBD7 /* Base */ = {isa = PBXFileReference; lastKnownFileType = file.xib; name = Base; path = Base.lproj/LaunchScreen.xib; sourceTree = "<group>"; };
		045DF5431B6F0905006FEBD7 /* 模仿优酷的文本输入框Tests.xctest */ = {isa = PBXFileReference; explicitFileType = wrapper.cfbundle; includeInIndex = 0; path = "模仿优酷的文本输入框Tests.xctest"; sourceTree = BUILT_PRODUCTS_DIR; };
		045DF5481B6F0905006FEBD7 /* Info.plist */ = {isa = PBXFileReference; lastKnownFileType = text.plist.xml; path = Info.plist; sourceTree = "<group>"; };
		045DF5491B6F0905006FEBD7 /* __________Tests.m */ = {isa = PBXFileReference; lastKnownFileType = sourcecode.c.objc; path = "__________Tests.m"; sourceTree = "<group>"; };
		045DF5531B6F0A8B006FEBD7 /* SYFTextBoxController.h */ = {isa = PBXFileReference; fileEncoding = 4; lastKnownFileType = sourcecode.c.h; path = SYFTextBoxController.h; sourceTree = "<group>"; };
		045DF5541B6F0A8B006FEBD7 /* SYFTextBoxController.m */ = {isa = PBXFileReference; fileEncoding = 4; lastKnownFileType = sourcecode.c.objc; path = SYFTextBoxController.m; sourceTree = "<group>"; };
		045DF5551B6F0A8B006FEBD7 /* SYFTextBoxController.xib */ = {isa = PBXFileReference; fileEncoding = 4; lastKnownFileType = file.xib; path = SYFTextBoxController.xib; sourceTree = "<group>"; };
		045DF5581B6F0C63006FEBD7 /* SYFTextBox.h */ = {isa = PBXFileReference; fileEncoding = 4; lastKnownFileType = sourcecode.c.h; path = SYFTextBox.h; sourceTree = "<group>"; };
		045DF5591B6F0C63006FEBD7 /* SYFTextBox.m */ = {isa = PBXFileReference; fileEncoding = 4; lastKnownFileType = sourcecode.c.objc; path = SYFTextBox.m; sourceTree = "<group>"; };
		045DF55B1B6F0C84006FEBD7 /* SYFTextBox.xib */ = {isa = PBXFileReference; fileEncoding = 4; lastKnownFileType = file.xib; path = SYFTextBox.xib; sourceTree = "<group>"; };
		045DF55D1B6F10B9006FEBD7 /* SYFCustomButton.h */ = {isa = PBXFileReference; fileEncoding = 4; lastKnownFileType = sourcecode.c.h; path = SYFCustomButton.h; sourceTree = "<group>"; };
		045DF55E1B6F10B9006FEBD7 /* SYFCustomButton.m */ = {isa = PBXFileReference; fileEncoding = 4; lastKnownFileType = sourcecode.c.objc; path = SYFCustomButton.m; sourceTree = "<group>"; };
		045DF5601B6F1D08006FEBD7 /* 378-close.png */ = {isa = PBXFileReference; lastKnownFileType = image.png; path = "378-close.png"; sourceTree = "<group>"; };
/* End PBXFileReference section */

/* Begin PBXFrameworksBuildPhase section */
		045DF5271B6F0905006FEBD7 /* Frameworks */ = {
			isa = PBXFrameworksBuildPhase;
			buildActionMask = 2147483647;
			files = (
			);
			runOnlyForDeploymentPostprocessing = 0;
		};
		045DF5401B6F0905006FEBD7 /* Frameworks */ = {
			isa = PBXFrameworksBuildPhase;
			buildActionMask = 2147483647;
			files = (
			);
			runOnlyForDeploymentPostprocessing = 0;
		};
/* End PBXFrameworksBuildPhase section */

/* Begin PBXGroup section */
		045DF5211B6F0905006FEBD7 = {
			isa = PBXGroup;
			children = (
				045DF5601B6F1D08006FEBD7 /* 378-close.png */,
				045DF52C1B6F0905006FEBD7 /* 模仿优酷的文本输入框 */,
				045DF5461B6F0905006FEBD7 /* 模仿优酷的文本输入框Tests */,
				045DF52B1B6F0905006FEBD7 /* Products */,
			);
			sourceTree = "<group>";
		};
		045DF52B1B6F0905006FEBD7 /* Products */ = {
			isa = PBXGroup;
			children = (
				045DF52A1B6F0905006FEBD7 /* 模仿优酷的文本输入框.app */,
				045DF5431B6F0905006FEBD7 /* 模仿优酷的文本输入框Tests.xctest */,
			);
			name = Products;
			sourceTree = "<group>";
		};
		045DF52C1B6F0905006FEBD7 /* 模仿优酷的文本输入框 */ = {
			isa = PBXGroup;
			children = (
				045DF5531B6F0A8B006FEBD7 /* SYFTextBoxController.h */,
				045DF5541B6F0A8B006FEBD7 /* SYFTextBoxController.m */,
				045DF5551B6F0A8B006FEBD7 /* SYFTextBoxController.xib */,
				045DF5581B6F0C63006FEBD7 /* SYFTextBox.h */,
				045DF5591B6F0C63006FEBD7 /* SYFTextBox.m */,
				045DF55B1B6F0C84006FEBD7 /* SYFTextBox.xib */,
				045DF55D1B6F10B9006FEBD7 /* SYFCustomButton.h */,
				045DF55E1B6F10B9006FEBD7 /* SYFCustomButton.m */,
				045DF52D1B6F0905006FEBD7 /* Supporting Files */,
			);
			path = "模仿优酷的文本输入框";
			sourceTree = "<group>";
		};
		045DF52D1B6F0905006FEBD7 /* Supporting Files */ = {
			isa = PBXGroup;
			children = (
				045DF5311B6F0905006FEBD7 /* AppDelegate.h */,
				045DF5321B6F0905006FEBD7 /* AppDelegate.m */,
				045DF5341B6F0905006FEBD7 /* ViewController.h */,
				045DF5351B6F0905006FEBD7 /* ViewController.m */,
				045DF5371B6F0905006FEBD7 /* Main.storyboard */,
				045DF53A1B6F0905006FEBD7 /* Images.xcassets */,
				045DF53C1B6F0905006FEBD7 /* LaunchScreen.xib */,
				045DF52E1B6F0905006FEBD7 /* Info.plist */,
				045DF52F1B6F0905006FEBD7 /* main.m */,
			);
			name = "Supporting Files";
			sourceTree = "<group>";
		};
		045DF5461B6F0905006FEBD7 /* 模仿优酷的文本输入框Tests */ = {
			isa = PBXGroup;
			children = (
				045DF5491B6F0905006FEBD7 /* __________Tests.m */,
				045DF5471B6F0905006FEBD7 /* Supporting Files */,
			);
			path = "模仿优酷的文本输入框Tests";
			sourceTree = "<group>";
		};
		045DF5471B6F0905006FEBD7 /* Supporting Files */ = {
			isa = PBXGroup;
			children = (
				045DF5481B6F0905006FEBD7 /* Info.plist */,
			);
			name = "Supporting Files";
			sourceTree = "<group>";
		};
/* End PBXGroup section */

/* Begin PBXNativeTarget section */
		045DF5291B6F0905006FEBD7 /* 模仿优酷的文本输入框 */ = {
			isa = PBXNativeTarget;
			buildConfigurationList = 045DF54D1B6F0905006FEBD7 /* Build configuration list for PBXNativeTarget "模仿优酷的文本输入框" */;
			buildPhases = (
				045DF5261B6F0905006FEBD7 /* Sources */,
				045DF5271B6F0905006FEBD7 /* Frameworks */,
				045DF5281B6F0905006FEBD7 /* Resources */,
			);
			buildRules = (
			);
			dependencies = (
			);
			name = "模仿优酷的文本输入框";
			productName = "模仿优酷的文本输入框";
			productReference = 045DF52A1B6F0905006FEBD7 /* 模仿优酷的文本输入框.app */;
			productType = "com.apple.product-type.application";
		};
		045DF5421B6F0905006FEBD7 /* 模仿优酷的文本输入框Tests */ = {
			isa = PBXNativeTarget;
			buildConfigurationList = 045DF5501B6F0905006FEBD7 /* Build configuration list for PBXNativeTarget "模仿优酷的文本输入框Tests" */;
			buildPhases = (
				045DF53F1B6F0905006FEBD7 /* Sources */,
				045DF5401B6F0905006FEBD7 /* Frameworks */,
				045DF5411B6F0905006FEBD7 /* Resources */,
			);
			buildRules = (
			);
			dependencies = (
				045DF5451B6F0905006FEBD7 /* PBXTargetDependency */,
			);
			name = "模仿优酷的文本输入框Tests";
			productName = "模仿优酷的文本输入框Tests";
			productReference = 045DF5431B6F0905006FEBD7 /* 模仿优酷的文本输入框Tests.xctest */;
			productType = "com.apple.product-type.bundle.unit-test";
		};
/* End PBXNativeTarget section */

/* Begin PBXProject section */
		045DF5221B6F0905006FEBD7 /* Project object */ = {
			isa = PBXProject;
			attributes = {
				LastUpgradeCheck = 0640;
				ORGANIZATIONNAME = SYF;
				TargetAttributes = {
					045DF5291B6F0905006FEBD7 = {
						CreatedOnToolsVersion = 6.4;
					};
					045DF5421B6F0905006FEBD7 = {
						CreatedOnToolsVersion = 6.4;
						TestTargetID = 045DF5291B6F0905006FEBD7;
					};
				};
			};
			buildConfigurationList = 045DF5251B6F0905006FEBD7 /* Build configuration list for PBXProject "模仿优酷的文本输入框" */;
			compatibilityVersion = "Xcode 3.2";
			developmentRegion = English;
			hasScannedForEncodings = 0;
			knownRegions = (
				en,
				Base,
			);
			mainGroup = 045DF5211B6F0905006FEBD7;
			productRefGroup = 045DF52B1B6F0905006FEBD7 /* Products */;
			projectDirPath = "";
			projectRoot = "";
			targets = (
				045DF5291B6F0905006FEBD7 /* 模仿优酷的文本输入框 */,
				045DF5421B6F0905006FEBD7 /* 模仿优酷的文本输入框Tests */,
			);
		};
/* End PBXProject section */

/* Begin PBXResourcesBuildPhase section */
		045DF5281B6F0905006FEBD7 /* Resources */ = {
			isa = PBXResourcesBuildPhase;
			buildActionMask = 2147483647;
			files = (
				045DF5391B6F0905006FEBD7 /* Main.storyboard in Resources */,
				045DF55C1B6F0C84006FEBD7 /* SYFTextBox.xib in Resources */,
				045DF5571B6F0A8B006FEBD7 /* SYFTextBoxController.xib in Resources */,
				045DF53E1B6F0905006FEBD7 /* LaunchScreen.xib in Resources */,
				045DF53B1B6F0905006FEBD7 /* Images.xcassets in Resources */,
				045DF5611B6F1D08006FEBD7 /* 378-close.png in Resources */,
			);
			runOnlyForDeploymentPostprocessing = 0;
		};
		045DF5411B6F0905006FEBD7 /* Resources */ = {
			isa = PBXResourcesBuildPhase;
			buildActionMask = 2147483647;
			files = (
			);
			runOnlyForDeploymentPostprocessing = 0;
		};
/* End PBXResourcesBuildPhase section */

/* Begin PBXSourcesBuildPhase section */
		045DF5261B6F0905006FEBD7 /* Sources */ = {
			isa = PBXSourcesBuildPhase;
			buildActionMask = 2147483647;
			files = (
				045DF5361B6F0905006FEBD7 /* ViewController.m in Sources */,
				045DF55A1B6F0C63006FEBD7 /* SYFTextBox.m in Sources */,
				045DF5561B6F0A8B006FEBD7 /* SYFTextBoxController.m in Sources */,
				045DF55F1B6F10B9006FEBD7 /* SYFCustomButton.m in Sources */,
				045DF5331B6F0905006FEBD7 /* AppDelegate.m in Sources */,
				045DF5301B6F0905006FEBD7 /* main.m in Sources */,
			);
			runOnlyForDeploymentPostprocessing = 0;
		};
		045DF53F1B6F0905006FEBD7 /* Sources */ = {
			isa = PBXSourcesBuildPhase;
			buildActionMask = 2147483647;
			files = (
				045DF54A1B6F0905006FEBD7 /* __________Tests.m in Sources */,
			);
			runOnlyForDeploymentPostprocessing = 0;
		};
/* End PBXSourcesBuildPhase section */

/* Begin PBXTargetDependency section */
		045DF5451B6F0905006FEBD7 /* PBXTargetDependency */ = {
			isa = PBXTargetDependency;
			target = 045DF5291B6F0905006FEBD7 /* 模仿优酷的文本输入框 */;
			targetProxy = 045DF5441B6F0905006FEBD7 /* PBXContainerItemProxy */;
		};
/* End PBXTargetDependency section */

/* Begin PBXVariantGroup section */
		045DF5371B6F0905006FEBD7 /* Main.storyboard */ = {
			isa = PBXVariantGroup;
			children = (
				045DF5381B6F0905006FEBD7 /* Base */,
			);
			name = Main.storyboard;
			sourceTree = "<group>";
		};
		045DF53C1B6F0905006FEBD7 /* LaunchScreen.xib */ = {
			isa = PBXVariantGroup;
			children = (
				045DF53D1B6F0905006FEBD7 /* Base */,
			);
			name = LaunchScreen.xib;
			sourceTree = "<group>";
		};
/* End PBXVariantGroup section */

/* Begin XCBuildConfiguration section */
		045DF54B1B6F0905006FEBD7 /* Debug */ = {
			isa = XCBuildConfiguration;
			buildSettings = {
				ALWAYS_SEARCH_USER_PATHS = NO;
				CLANG_CXX_LANGUAGE_STANDARD = "gnu++0x";
				CLANG_CXX_LIBRARY = "libc++";
				CLANG_ENABLE_MODULES = YES;
				CLANG_ENABLE_OBJC_ARC = YES;
				CLANG_WARN_BOOL_CONVERSION = YES;
				CLANG_WARN_CONSTANT_CONVERSION = YES;
				CLANG_WARN_DIRECT_OBJC_ISA_USAGE = YES_ERROR;
				CLANG_WARN_EMPTY_BODY = YES;
				CLANG_WARN_ENUM_CONVERSION = YES;
				CLANG_WARN_INT_CONVERSION = YES;
				CLANG_WARN_OBJC_ROOT_CLASS = YES_ERROR;
				CLANG_WARN_UNREACHABLE_CODE = YES;
				CLANG_WARN__DUPLICATE_METHOD_MATCH = YES;
				"CODE_SIGN_IDENTITY[sdk=iphoneos*]" = "iPhone Developer";
				COPY_PHASE_STRIP = NO;
				DEBUG_INFORMATION_FORMAT = "dwarf-with-dsym";
				ENABLE_STRICT_OBJC_MSGSEND = YES;
				GCC_C_LANGUAGE_STANDARD = gnu99;
				GCC_DYNAMIC_NO_PIC = NO;
				GCC_NO_COMMON_BLOCKS = YES;
				GCC_OPTIMIZATION_LEVEL = 0;
				GCC_PREPROCESSOR_DEFINITIONS = (
					"DEBUG=1",
					"$(inherited)",
				);
				GCC_SYMBOLS_PRIVATE_EXTERN = NO;
				GCC_WARN_64_TO_32_BIT_CONVERSION = YES;
				GCC_WARN_ABOUT_RETURN_TYPE = YES_ERROR;
				GCC_WARN_UNDECLARED_SELECTOR = YES;
				GCC_WARN_UNINITIALIZED_AUTOS = YES_AGGRESSIVE;
				GCC_WARN_UNUSED_FUNCTION = YES;
				GCC_WARN_UNUSED_VARIABLE = YES;
				IPHONEOS_DEPLOYMENT_TARGET = 8.4;
				MTL_ENABLE_DEBUG_INFO = YES;
				ONLY_ACTIVE_ARCH = YES;
				SDKROOT = iphoneos;
			};
			name = Debug;
		};
		045DF54C1B6F0905006FEBD7 /* Release */ = {
			isa = XCBuildConfiguration;
			buildSettings = {
				ALWAYS_SEARCH_USER_PATHS = NO;
				CLANG_CXX_LANGUAGE_STANDARD = "gnu++0x";
				CLANG_CXX_LIBRARY = "libc++";
				CLANG_ENABLE_MODULES = YES;
				CLANG_ENABLE_OBJC_ARC = YES;
				CLANG_WARN_BOOL_CONVERSION = YES;
				CLANG_WARN_CONSTANT_CONVERSION = YES;
				CLANG_WARN_DIRECT_OBJC_ISA_USAGE = YES_ERROR;
				CLANG_WARN_EMPTY_BODY = YES;
				CLANG_WARN_ENUM_CONVERSION = YES;
				CLANG_WARN_INT_CONVERSION = YES;
				CLANG_WARN_OBJC_ROOT_CLASS = YES_ERROR;
				CLANG_WARN_UNREACHABLE_CODE = YES;
				CLANG_WARN__DUPLICATE_METHOD_MATCH = YES;
				"CODE_SIGN_IDENTITY[sdk=iphoneos*]" = "iPhone Developer";
				COPY_PHASE_STRIP = NO;
				DEBUG_INFORMATION_FORMAT = "dwarf-with-dsym";
				ENABLE_NS_ASSERTIONS = NO;
				ENABLE_STRICT_OBJC_MSGSEND = YES;
				GCC_C_LANGUAGE_STANDARD = gnu99;
				GCC_NO_COMMON_BLOCKS = YES;
				GCC_WARN_64_TO_32_BIT_CONVERSION = YES;
				GCC_WARN_ABOUT_RETURN_TYPE = YES_ERROR;
				GCC_WARN_UNDECLARED_SELECTOR = YES;
				GCC_WARN_UNINITIALIZED_AUTOS = YES_AGGRESSIVE;
				GCC_WARN_UNUSED_FUNCTION = YES;
				GCC_WARN_UNUSED_VARIABLE = YES;
				IPHONEOS_DEPLOYMENT_TARGET = 8.4;
				MTL_ENABLE_DEBUG_INFO = NO;
				SDKROOT = iphoneos;
				VALIDATE_PRODUCT = YES;
			};
			name = Release;
		};
		045DF54E1B6F0905006FEBD7 /* Debug */ = {
			isa = XCBuildConfiguration;
			buildSettings = {
				ASSETCATALOG_COMPILER_APPICON_NAME = AppIcon;
				INFOPLIST_FILE = "模仿优酷的文本输入框/Info.plist";
				LD_RUNPATH_SEARCH_PATHS = "$(inherited) @executable_path/Frameworks";
				PRODUCT_NAME = "$(TARGET_NAME)";
			};
			name = Debug;
		};
		045DF54F1B6F0905006FEBD7 /* Release */ = {
			isa = XCBuildConfiguration;
			buildSettings = {
				ASSETCATALOG_COMPILER_APPICON_NAME = AppIcon;
				INFOPLIST_FILE = "模仿优酷的文本输入框/Info.plist";
				LD_RUNPATH_SEARCH_PATHS = "$(inherited) @executable_path/Frameworks";
				PRODUCT_NAME = "$(TARGET_NAME)";
			};
			name = Release;
		};
		045DF5511B6F0905006FEBD7 /* Debug */ = {
			isa = XCBuildConfiguration;
			buildSettings = {
				BUNDLE_LOADER = "$(TEST_HOST)";
				FRAMEWORK_SEARCH_PATHS = (
					"$(SDKROOT)/Developer/Library/Frameworks",
					"$(inherited)",
				);
				GCC_PREPROCESSOR_DEFINITIONS = (
					"DEBUG=1",
					"$(inherited)",
				);
				INFOPLIST_FILE = "模仿优酷的文本输入框Tests/Info.plist";
				LD_RUNPATH_SEARCH_PATHS = "$(inherited) @executable_path/Frameworks @loader_path/Frameworks";
				PRODUCT_NAME = "$(TARGET_NAME)";
				TEST_HOST = "$(BUILT_PRODUCTS_DIR)/模仿优酷的文本输入框.app/模仿优酷的文本输入框";
			};
			name = Debug;
		};
		045DF5521B6F0905006FEBD7 /* Release */ = {
			isa = XCBuildConfiguration;
			buildSettings = {
				BUNDLE_LOADER = "$(TEST_HOST)";
				FRAMEWORK_SEARCH_PATHS = (
					"$(SDKROOT)/Developer/Library/Frameworks",
					"$(inherited)",
				);
				INFOPLIST_FILE = "模仿优酷的文本输入框Tests/Info.plist";
				LD_RUNPATH_SEARCH_PATHS = "$(inherited) @executable_path/Frameworks @loader_path/Frameworks";
				PRODUCT_NAME = "$(TARGET_NAME)";
				TEST_HOST = "$(BUILT_PRODUCTS_DIR)/模仿优酷的文本输入框.app/模仿优酷的文本输入框";
			};
			name = Release;
		};
/* End XCBuildConfiguration section */

/* Begin XCConfigurationList section */
		045DF5251B6F0905006FEBD7 /* Build configuration list for PBXProject "模仿优酷的文本输入框" */ = {
			isa = XCConfigurationList;
			buildConfigurations = (
				045DF54B1B6F0905006FEBD7 /* Debug */,
				045DF54C1B6F0905006FEBD7 /* Release */,
			);
			defaultConfigurationIsVisible = 0;
			defaultConfigurationName = Release;
		};
		045DF54D1B6F0905006FEBD7 /* Build configuration list for PBXNativeTarget "模仿优酷的文本输入框" */ = {
			isa = XCConfigurationList;
			buildConfigurations = (
				045DF54E1B6F0905006FEBD7 /* Debug */,
				045DF54F1B6F0905006FEBD7 /* Release */,
			);
			defaultConfigurationIsVisible = 0;
		};
		045DF5501B6F0905006FEBD7 /* Build configuration list for PBXNativeTarget "模仿优酷的文本输入框Tests" */ = {
			isa = XCConfigurationList;
			buildConfigurations = (
				045DF5511B6F0905006FEBD7 /* Debug */,
				045DF5521B6F0905006FEBD7 /* Release */,
			);
			defaultConfigurationIsVisible = 0;
		};
/* End XCConfigurationList section */
	};
	rootObject = 045DF5221B6F0905006FEBD7 /* Project object */;
}
